
Microsoft Visual Studio Solution File, Format Version 12.00
# Visual Studio Version 17
VisualStudioVersion = 17.1.32228.430
MinimumVisualStudioVersion = 10.0.40219.1
Project("{FAE04EC0-301F-11D3-BF4B-00C04F79EFBC}") = "Human", "Human\Human.csproj", "{12C9DB07-52A8-4EB2-99D6-EF044DF4CF9E}"
EndProject
Global
	GlobalSection(SolutionConfigurationPlatforms) = preSolution
		Debug|Any CPU = Debug|Any CPU
		Release|Any CPU = Release|Any CPU
	EndGlobalSection
	GlobalSection(ProjectConfigurationPlatforms) = postSolution
		{12C9DB07-52A8-4EB2-99D6-EF044DF4CF9E}.Debug|Any CPU.ActiveCfg = Debug|Any CPU
		{12C9DB07-52A8-4EB2-99D6-EF044DF4CF9E}.Debug|Any CPU.Build.0 = Debug|Any CPU
		{12C9DB07-52A8-4EB2-99D6-EF044DF4CF9E}.Release|Any CPU.ActiveCfg = Release|Any CPU
		{12C9DB07-52A8-4EB2-99D6-EF044DF4CF9E}.Release|Any CPU.Build.0 = Release|Any CPU
	EndGlobalSection
	GlobalSection(SolutionProperties) = preSolution
		HideSolutionNode = FALSE
	EndGlobalSection
	GlobalSection(ExtensibilityGlobals) = postSolution
		SolutionGuid = {58BF1C54-561C-4C4B-A908-9CDB3B18FF2B}
	EndGlobalSection
EndGlobal
