
Microsoft Visual Studio Solution File, Format Version 12.00
# Visual Studio Version 17
VisualStudioVersion = 17.1.32228.430
MinimumVisualStudioVersion = 10.0.40219.1
Project("{FAE04EC0-301F-11D3-BF4B-00C04F79EFBC}") = "ProTryParse", "ProTryParse\ProTryParse.csproj", "{E602E8C6-914B-4EAC-8FCD-D11A1CC826E6}"
EndProject
Global
	GlobalSection(SolutionConfigurationPlatforms) = preSolution
		Debug|Any CPU = Debug|Any CPU
		Release|Any CPU = Release|Any CPU
	EndGlobalSection
	GlobalSection(ProjectConfigurationPlatforms) = postSolution
		{E602E8C6-914B-4EAC-8FCD-D11A1CC826E6}.Debug|Any CPU.ActiveCfg = Debug|Any CPU
		{E602E8C6-914B-4EAC-8FCD-D11A1CC826E6}.Debug|Any CPU.Build.0 = Debug|Any CPU
		{E602E8C6-914B-4EAC-8FCD-D11A1CC826E6}.Release|Any CPU.ActiveCfg = Release|Any CPU
		{E602E8C6-914B-4EAC-8FCD-D11A1CC826E6}.Release|Any CPU.Build.0 = Release|Any CPU
	EndGlobalSection
	GlobalSection(SolutionProperties) = preSolution
		HideSolutionNode = FALSE
	EndGlobalSection
	GlobalSection(ExtensibilityGlobals) = postSolution
		SolutionGuid = {191740BD-7A07-4B1B-A0C4-B690E3A6B2DB}
	EndGlobalSection
EndGlobal
